
Microsoft Visual Studio Solution File, Format Version 12.00
# Visual Studio 2017
Project("{FAE04EC0-301F-11D3-BF4B-00C04F79EFBC}") = "outcasts", "outcasts.csproj", "{0A74182B-9E00-22B0-95C4-5F4A5AADC00D}"
EndProject
Project("{FAE04EC0-301F-11D3-BF4B-00C04F79EFBC}") = "outcasts.Plugins", "outcasts.Plugins.csproj", "{83CFFF9B-977C-A913-6F12-080E1A1E4BEA}"
EndProject
Project("{FAE04EC0-301F-11D3-BF4B-00C04F79EFBC}") = "Unity.ShaderGraph.Editor", "Unity.ShaderGraph.Editor.csproj", "{097081EC-B172-781E-F676-D45E858A96D6}"
EndProject
Project("{FAE04EC0-301F-11D3-BF4B-00C04F79EFBC}") = "Unity.PackageManagerUI.Editor", "Unity.PackageManagerUI.Editor.csproj", "{6877705C-FBD9-0C4F-5AFB-6FB431E5D39D}"
EndProject
Project("{FAE04EC0-301F-11D3-BF4B-00C04F79EFBC}") = "outcasts.Editor", "outcasts.Editor.csproj", "{1549942E-71B2-786E-2706-2227BC9F3E91}"
EndProject
Project("{FAE04EC0-301F-11D3-BF4B-00C04F79EFBC}") = "outcasts.Editor.Plugins", "outcasts.Editor.Plugins.csproj", "{F24FC544-9061-BD0B-B5AC-190836CAA384}"
EndProject
Project("{FAE04EC0-301F-11D3-BF4B-00C04F79EFBC}") = "UnityEditor.StandardEvents", "UnityEditor.StandardEvents.csproj", "{6800202F-4402-D405-F8CB-03DC7BD78B92}"
EndProject
Global
	GlobalSection(SolutionConfigurationPlatforms) = preSolution
		Debug|Any CPU = Debug|Any CPU
		Release|Any CPU = Release|Any CPU
	EndGlobalSection
	GlobalSection(ProjectConfigurationPlatforms) = postSolution
		{0A74182B-9E00-22B0-95C4-5F4A5AADC00D}.Debug|Any CPU.ActiveCfg = Debug|Any CPU
		{0A74182B-9E00-22B0-95C4-5F4A5AADC00D}.Debug|Any CPU.Build.0 = Debug|Any CPU
		{0A74182B-9E00-22B0-95C4-5F4A5AADC00D}.Release|Any CPU.ActiveCfg = Release|Any CPU
		{0A74182B-9E00-22B0-95C4-5F4A5AADC00D}.Release|Any CPU.Build.0 = Release|Any CPU
		{83CFFF9B-977C-A913-6F12-080E1A1E4BEA}.Debug|Any CPU.ActiveCfg = Debug|Any CPU
		{83CFFF9B-977C-A913-6F12-080E1A1E4BEA}.Debug|Any CPU.Build.0 = Debug|Any CPU
		{83CFFF9B-977C-A913-6F12-080E1A1E4BEA}.Release|Any CPU.ActiveCfg = Release|Any CPU
		{83CFFF9B-977C-A913-6F12-080E1A1E4BEA}.Release|Any CPU.Build.0 = Release|Any CPU
		{097081EC-B172-781E-F676-D45E858A96D6}.Debug|Any CPU.ActiveCfg = Debug|Any CPU
		{097081EC-B172-781E-F676-D45E858A96D6}.Debug|Any CPU.Build.0 = Debug|Any CPU
		{097081EC-B172-781E-F676-D45E858A96D6}.Release|Any CPU.ActiveCfg = Release|Any CPU
		{097081EC-B172-781E-F676-D45E858A96D6}.Release|Any CPU.Build.0 = Release|Any CPU
		{6877705C-FBD9-0C4F-5AFB-6FB431E5D39D}.Debug|Any CPU.ActiveCfg = Debug|Any CPU
		{6877705C-FBD9-0C4F-5AFB-6FB431E5D39D}.Debug|Any CPU.Build.0 = Debug|Any CPU
		{6877705C-FBD9-0C4F-5AFB-6FB431E5D39D}.Release|Any CPU.ActiveCfg = Release|Any CPU
		{6877705C-FBD9-0C4F-5AFB-6FB431E5D39D}.Release|Any CPU.Build.0 = Release|Any CPU
		{1549942E-71B2-786E-2706-2227BC9F3E91}.Debug|Any CPU.ActiveCfg = Debug|Any CPU
		{1549942E-71B2-786E-2706-2227BC9F3E91}.Debug|Any CPU.Build.0 = Debug|Any CPU
		{1549942E-71B2-786E-2706-2227BC9F3E91}.Release|Any CPU.ActiveCfg = Release|Any CPU
		{1549942E-71B2-786E-2706-2227BC9F3E91}.Release|Any CPU.Build.0 = Release|Any CPU
		{F24FC544-9061-BD0B-B5AC-190836CAA384}.Debug|Any CPU.ActiveCfg = Debug|Any CPU
		{F24FC544-9061-BD0B-B5AC-190836CAA384}.Debug|Any CPU.Build.0 = Debug|Any CPU
		{F24FC544-9061-BD0B-B5AC-190836CAA384}.Release|Any CPU.ActiveCfg = Release|Any CPU
		{F24FC544-9061-BD0B-B5AC-190836CAA384}.Release|Any CPU.Build.0 = Release|Any CPU
		{6800202F-4402-D405-F8CB-03DC7BD78B92}.Debug|Any CPU.ActiveCfg = Debug|Any CPU
		{6800202F-4402-D405-F8CB-03DC7BD78B92}.Debug|Any CPU.Build.0 = Debug|Any CPU
		{6800202F-4402-D405-F8CB-03DC7BD78B92}.Release|Any CPU.ActiveCfg = Release|Any CPU
		{6800202F-4402-D405-F8CB-03DC7BD78B92}.Release|Any CPU.Build.0 = Release|Any CPU
	EndGlobalSection
	GlobalSection(SolutionProperties) = preSolution
		HideSolutionNode = FALSE
	EndGlobalSection
EndGlobal
